// !$*UTF8*$!
{
	archiveVersion = 1;
	classes = {
	};
	objectVersion = 56;
	objects = {

/* Begin PBXBuildFile section */
		D6E02A7729E6D9AF00568379 /* AppDelegate.swift in Sources */ = {isa = PBXBuildFile; fileRef = D6E02A7629E6D9AF00568379 /* AppDelegate.swift */; };
		D6E02A7929E6D9AF00568379 /* SceneDelegate.swift in Sources */ = {isa = PBXBuildFile; fileRef = D6E02A7829E6D9AF00568379 /* SceneDelegate.swift */; };
		D6E02A7B29E6D9AF00568379 /* ViewController.swift in Sources */ = {isa = PBXBuildFile; fileRef = D6E02A7A29E6D9AF00568379 /* ViewController.swift */; };
		D6E02A7E29E6D9AF00568379 /* Main.storyboard in Resources */ = {isa = PBXBuildFile; fileRef = D6E02A7C29E6D9AF00568379 /* Main.storyboard */; };
		D6E02A8029E6D9B000568379 /* Assets.xcassets in Resources */ = {isa = PBXBuildFile; fileRef = D6E02A7F29E6D9B000568379 /* Assets.xcassets */; };
		D6E02A8329E6D9B000568379 /* LaunchScreen.storyboard in Resources */ = {isa = PBXBuildFile; fileRef = D6E02A8129E6D9B000568379 /* LaunchScreen.storyboard */; };
		D6E02A8E29E6D9B000568379 /* XylophoneTests.swift in Sources */ = {isa = PBXBuildFile; fileRef = D6E02A8D29E6D9B000568379 /* XylophoneTests.swift */; };
		D6E02A9829E6D9B000568379 /* XylophoneUITests.swift in Sources */ = {isa = PBXBuildFile; fileRef = D6E02A9729E6D9B000568379 /* XylophoneUITests.swift */; };
		D6E02A9A29E6D9B000568379 /* XylophoneUITestsLaunchTests.swift in Sources */ = {isa = PBXBuildFile; fileRef = D6E02A9929E6D9B000568379 /* XylophoneUITestsLaunchTests.swift */; };
		D6E02AA929E6DC2800568379 /* G.wav in Resources */ = {isa = PBXBuildFile; fileRef = D6E02AA829E6DC2700568379 /* G.wav */; };
		D6E02AB029E6DC3600568379 /* F.wav in Resources */ = {isa = PBXBuildFile; fileRef = D6E02AAA29E6DC3500568379 /* F.wav */; };
		D6E02AB129E6DC3600568379 /* A.wav in Resources */ = {isa = PBXBuildFile; fileRef = D6E02AAB29E6DC3500568379 /* A.wav */; };
		D6E02AB229E6DC3600568379 /* C.wav in Resources */ = {isa = PBXBuildFile; fileRef = D6E02AAC29E6DC3500568379 /* C.wav */; };
		D6E02AB329E6DC3600568379 /* D.wav in Resources */ = {isa = PBXBuildFile; fileRef = D6E02AAD29E6DC3500568379 /* D.wav */; };
		D6E02AB429E6DC3600568379 /* E.wav in Resources */ = {isa = PBXBuildFile; fileRef = D6E02AAE29E6DC3500568379 /* E.wav */; };
		D6E02AB529E6DC3600568379 /* B.wav in Resources */ = {isa = PBXBuildFile; fileRef = D6E02AAF29E6DC3600568379 /* B.wav */; };
/* End PBXBuildFile section */

/* Begin PBXContainerItemProxy section */
		D6E02A8A29E6D9B000568379 /* PBXContainerItemProxy */ = {
			isa = PBXContainerItemProxy;
			containerPortal = D6E02A6B29E6D9AF00568379 /* Project object */;
			proxyType = 1;
			remoteGlobalIDString = D6E02A7229E6D9AF00568379;
			remoteInfo = Xylophone;
		};
		D6E02A9429E6D9B000568379 /* PBXContainerItemProxy */ = {
			isa = PBXContainerItemProxy;
			containerPortal = D6E02A6B29E6D9AF00568379 /* Project object */;
			proxyType = 1;
			remoteGlobalIDString = D6E02A7229E6D9AF00568379;
			remoteInfo = Xylophone;
		};
/* End PBXContainerItemProxy section */

/* Begin PBXFileReference section */
		D6E02A7329E6D9AF00568379 /* Xylophone.app */ = {isa = PBXFileReference; explicitFileType = wrapper.application; includeInIndex = 0; path = Xylophone.app; sourceTree = BUILT_PRODUCTS_DIR; };
		D6E02A7629E6D9AF00568379 /* AppDelegate.swift */ = {isa = PBXFileReference; lastKnownFileType = sourcecode.swift; path = AppDelegate.swift; sourceTree = "<group>"; };
		D6E02A7829E6D9AF00568379 /* SceneDelegate.swift */ = {isa = PBXFileReference; lastKnownFileType = sourcecode.swift; path = SceneDelegate.swift; sourceTree = "<group>"; };
		D6E02A7A29E6D9AF00568379 /* ViewController.swift */ = {isa = PBXFileReference; lastKnownFileType = sourcecode.swift; path = ViewController.swift; sourceTree = "<group>"; };
		D6E02A7D29E6D9AF00568379 /* Base */ = {isa = PBXFileReference; lastKnownFileType = file.storyboard; name = Base; path = Base.lproj/Main.storyboard; sourceTree = "<group>"; };
		D6E02A7F29E6D9B000568379 /* Assets.xcassets */ = {isa = PBXFileReference; lastKnownFileType = folder.assetcatalog; path = Assets.xcassets; sourceTree = "<group>"; };
		D6E02A8229E6D9B000568379 /* Base */ = {isa = PBXFileReference; lastKnownFileType = file.storyboard; name = Base; path = Base.lproj/LaunchScreen.storyboard; sourceTree = "<group>"; };
		D6E02A8429E6D9B000568379 /* Info.plist */ = {isa = PBXFileReference; lastKnownFileType = text.plist.xml; path = Info.plist; sourceTree = "<group>"; };
		D6E02A8929E6D9B000568379 /* XylophoneTests.xctest */ = {isa = PBXFileReference; explicitFileType = wrapper.cfbundle; includeInIndex = 0; path = XylophoneTests.xctest; sourceTree = BUILT_PRODUCTS_DIR; };
		D6E02A8D29E6D9B000568379 /* XylophoneTests.swift */ = {isa = PBXFileReference; lastKnownFileType = sourcecode.swift; path = XylophoneTests.swift; sourceTree = "<group>"; };
		D6E02A9329E6D9B000568379 /* XylophoneUITests.xctest */ = {isa = PBXFileReference; explicitFileType = wrapper.cfbundle; includeInIndex = 0; path = XylophoneUITests.xctest; sourceTree = BUILT_PRODUCTS_DIR; };
		D6E02A9729E6D9B000568379 /* XylophoneUITests.swift */ = {isa = PBXFileReference; lastKnownFileType = sourcecode.swift; path = XylophoneUITests.swift; sourceTree = "<group>"; };
		D6E02A9929E6D9B000568379 /* XylophoneUITestsLaunchTests.swift */ = {isa = PBXFileReference; lastKnownFileType = sourcecode.swift; path = XylophoneUITestsLaunchTests.swift; sourceTree = "<group>"; };
		D6E02AA829E6DC2700568379 /* G.wav */ = {isa = PBXFileReference; lastKnownFileType = audio.wav; path = G.wav; sourceTree = "<group>"; };
		D6E02AAA29E6DC3500568379 /* F.wav */ = {isa = PBXFileReference; lastKnownFileType = audio.wav; path = F.wav; sourceTree = "<group>"; };
		D6E02AAB29E6DC3500568379 /* A.wav */ = {isa = PBXFileReference; lastKnownFileType = audio.wav; path = A.wav; sourceTree = "<group>"; };
		D6E02AAC29E6DC3500568379 /* C.wav */ = {isa = PBXFileReference; lastKnownFileType = audio.wav; path = C.wav; sourceTree = "<group>"; };
		D6E02AAD29E6DC3500568379 /* D.wav */ = {isa = PBXFileReference; lastKnownFileType = audio.wav; path = D.wav; sourceTree = "<group>"; };
		D6E02AAE29E6DC3500568379 /* E.wav */ = {isa = PBXFileReference; lastKnownFileType = audio.wav; path = E.wav; sourceTree = "<group>"; };
		D6E02AAF29E6DC3600568379 /* B.wav */ = {isa = PBXFileReference; lastKnownFileType = audio.wav; path = B.wav; sourceTree = "<group>"; };
/* End PBXFileReference section */

/* Begin PBXFrameworksBuildPhase section */
		D6E02A7029E6D9AF00568379 /* Frameworks */ = {
			isa = PBXFrameworksBuildPhase;
			buildActionMask = 2147483647;
			files = (
			);
			runOnlyForDeploymentPostprocessing = 0;
		};
		D6E02A8629E6D9B000568379 /* Frameworks */ = {
			isa = PBXFrameworksBuildPhase;
			buildActionMask = 2147483647;
			files = (
			);
			runOnlyForDeploymentPostprocessing = 0;
		};
		D6E02A9029E6D9B000568379 /* Frameworks */ = {
			isa = PBXFrameworksBuildPhase;
			buildActionMask = 2147483647;
			files = (
			);
			runOnlyForDeploymentPostprocessing = 0;
		};
/* End PBXFrameworksBuildPhase section */

/* Begin PBXGroup section */
		D6E02A6A29E6D9AF00568379 = {
			isa = PBXGroup;
			children = (
				D6E02AA729E6DBE000568379 /* sounds */,
				D6E02A7529E6D9AF00568379 /* Xylophone */,
				D6E02A8C29E6D9B000568379 /* XylophoneTests */,
				D6E02A9629E6D9B000568379 /* XylophoneUITests */,
				D6E02A7429E6D9AF00568379 /* Products */,
			);
			sourceTree = "<group>";
		};
		D6E02A7429E6D9AF00568379 /* Products */ = {
			isa = PBXGroup;
			children = (
				D6E02A7329E6D9AF00568379 /* Xylophone.app */,
				D6E02A8929E6D9B000568379 /* XylophoneTests.xctest */,
				D6E02A9329E6D9B000568379 /* XylophoneUITests.xctest */,
			);
			name = Products;
			sourceTree = "<group>";
		};
		D6E02A7529E6D9AF00568379 /* Xylophone */ = {
			isa = PBXGroup;
			children = (
				D6E02A7629E6D9AF00568379 /* AppDelegate.swift */,
				D6E02A7829E6D9AF00568379 /* SceneDelegate.swift */,
				D6E02A7A29E6D9AF00568379 /* ViewController.swift */,
				D6E02A7C29E6D9AF00568379 /* Main.storyboard */,
				D6E02A7F29E6D9B000568379 /* Assets.xcassets */,
				D6E02A8129E6D9B000568379 /* LaunchScreen.storyboard */,
				D6E02A8429E6D9B000568379 /* Info.plist */,
			);
			path = Xylophone;
			sourceTree = "<group>";
		};
		D6E02A8C29E6D9B000568379 /* XylophoneTests */ = {
			isa = PBXGroup;
			children = (
				D6E02A8D29E6D9B000568379 /* XylophoneTests.swift */,
			);
			path = XylophoneTests;
			sourceTree = "<group>";
		};
		D6E02A9629E6D9B000568379 /* XylophoneUITests */ = {
			isa = PBXGroup;
			children = (
				D6E02A9729E6D9B000568379 /* XylophoneUITests.swift */,
				D6E02A9929E6D9B000568379 /* XylophoneUITestsLaunchTests.swift */,
			);
			path = XylophoneUITests;
			sourceTree = "<group>";
		};
		D6E02AA729E6DBE000568379 /* sounds */ = {
			isa = PBXGroup;
			children = (
				D6E02AAB29E6DC3500568379 /* A.wav */,
				D6E02AAF29E6DC3600568379 /* B.wav */,
				D6E02AAC29E6DC3500568379 /* C.wav */,
				D6E02AAD29E6DC3500568379 /* D.wav */,
				D6E02AAE29E6DC3500568379 /* E.wav */,
				D6E02AAA29E6DC3500568379 /* F.wav */,
				D6E02AA829E6DC2700568379 /* G.wav */,
			);
			path = sounds;
			sourceTree = "<group>";
		};
/* End PBXGroup section */

/* Begin PBXNativeTarget section */
		D6E02A7229E6D9AF00568379 /* Xylophone */ = {
			isa = PBXNativeTarget;
			buildConfigurationList = D6E02A9D29E6D9B000568379 /* Build configuration list for PBXNativeTarget "Xylophone" */;
			buildPhases = (
				D6E02A6F29E6D9AF00568379 /* Sources */,
				D6E02A7029E6D9AF00568379 /* Frameworks */,
				D6E02A7129E6D9AF00568379 /* Resources */,
			);
			buildRules = (
			);
			dependencies = (
			);
			name = Xylophone;
			productName = Xylophone;
			productReference = D6E02A7329E6D9AF00568379 /* Xylophone.app */;
			productType = "com.apple.product-type.application";
		};
		D6E02A8829E6D9B000568379 /* XylophoneTests */ = {
			isa = PBXNativeTarget;
			buildConfigurationList = D6E02AA029E6D9B000568379 /* Build configuration list for PBXNativeTarget "XylophoneTests" */;
			buildPhases = (
				D6E02A8529E6D9B000568379 /* Sources */,
				D6E02A8629E6D9B000568379 /* Frameworks */,
				D6E02A8729E6D9B000568379 /* Resources */,
			);
			buildRules = (
			);
			dependencies = (
				D6E02A8B29E6D9B000568379 /* PBXTargetDependency */,
			);
			name = XylophoneTests;
			productName = XylophoneTests;
			productReference = D6E02A8929E6D9B000568379 /* XylophoneTests.xctest */;
			productType = "com.apple.product-type.bundle.unit-test";
		};
		D6E02A9229E6D9B000568379 /* XylophoneUITests */ = {
			isa = PBXNativeTarget;
			buildConfigurationList = D6E02AA329E6D9B000568379 /* Build configuration list for PBXNativeTarget "XylophoneUITests" */;
			buildPhases = (
				D6E02A8F29E6D9B000568379 /* Sources */,
				D6E02A9029E6D9B000568379 /* Frameworks */,
				D6E02A9129E6D9B000568379 /* Resources */,
			);
			buildRules = (
			);
			dependencies = (
				D6E02A9529E6D9B000568379 /* PBXTargetDependency */,
			);
			name = XylophoneUITests;
			productName = XylophoneUITests;
			productReference = D6E02A9329E6D9B000568379 /* XylophoneUITests.xctest */;
			productType = "com.apple.product-type.bundle.ui-testing";
		};
/* End PBXNativeTarget section */

/* Begin PBXProject section */
		D6E02A6B29E6D9AF00568379 /* Project object */ = {
			isa = PBXProject;
			attributes = {
				BuildIndependentTargetsInParallel = 1;
				LastSwiftUpdateCheck = 1430;
				LastUpgradeCheck = 1430;
				TargetAttributes = {
					D6E02A7229E6D9AF00568379 = {
						CreatedOnToolsVersion = 14.3;
					};
					D6E02A8829E6D9B000568379 = {
						CreatedOnToolsVersion = 14.3;
						TestTargetID = D6E02A7229E6D9AF00568379;
					};
					D6E02A9229E6D9B000568379 = {
						CreatedOnToolsVersion = 14.3;
						TestTargetID = D6E02A7229E6D9AF00568379;
					};
				};
			};
			buildConfigurationList = D6E02A6E29E6D9AF00568379 /* Build configuration list for PBXProject "Xylophone" */;
			compatibilityVersion = "Xcode 14.0";
			developmentRegion = en;
			hasScannedForEncodings = 0;
			knownRegions = (
				en,
				Base,
			);
			mainGroup = D6E02A6A29E6D9AF00568379;
			productRefGroup = D6E02A7429E6D9AF00568379 /* Products */;
			projectDirPath = "";
			projectRoot = "";
			targets = (
				D6E02A7229E6D9AF00568379 /* Xylophone */,
				D6E02A8829E6D9B000568379 /* XylophoneTests */,
				D6E02A9229E6D9B000568379 /* XylophoneUITests */,
			);
		};
/* End PBXProject section */

/* Begin PBXResourcesBuildPhase section */
		D6E02A7129E6D9AF00568379 /* Resources */ = {
			isa = PBXResourcesBuildPhase;
			buildActionMask = 2147483647;
			files = (
				D6E02AB129E6DC3600568379 /* A.wav in Resources */,
				D6E02AB529E6DC3600568379 /* B.wav in Resources */,
				D6E02AA929E6DC2800568379 /* G.wav in Resources */,
				D6E02A8329E6D9B000568379 /* LaunchScreen.storyboard in Resources */,
				D6E02A8029E6D9B000568379 /* Assets.xcassets in Resources */,
				D6E02AB029E6DC3600568379 /* F.wav in Resources */,
				D6E02AB329E6DC3600568379 /* D.wav in Resources */,
				D6E02AB429E6DC3600568379 /* E.wav in Resources */,
				D6E02A7E29E6D9AF00568379 /* Main.storyboard in Resources */,
				D6E02AB229E6DC3600568379 /* C.wav in Resources */,
			);
			runOnlyForDeploymentPostprocessing = 0;
		};
		D6E02A8729E6D9B000568379 /* Resources */ = {
			isa = PBXResourcesBuildPhase;
			buildActionMask = 2147483647;
			files = (
			);
			runOnlyForDeploymentPostprocessing = 0;
		};
		D6E02A9129E6D9B000568379 /* Resources */ = {
			isa = PBXResourcesBuildPhase;
			buildActionMask = 2147483647;
			files = (
			);
			runOnlyForDeploymentPostprocessing = 0;
		};
/* End PBXResourcesBuildPhase section */

/* Begin PBXSourcesBuildPhase section */
		D6E02A6F29E6D9AF00568379 /* Sources */ = {
			isa = PBXSourcesBuildPhase;
			buildActionMask = 2147483647;
			files = (
				D6E02A7B29E6D9AF00568379 /* ViewController.swift in Sources */,
				D6E02A7729E6D9AF00568379 /* AppDelegate.swift in Sources */,
				D6E02A7929E6D9AF00568379 /* SceneDelegate.swift in Sources */,
			);
			runOnlyForDeploymentPostprocessing = 0;
		};
		D6E02A8529E6D9B000568379 /* Sources */ = {
			isa = PBXSourcesBuildPhase;
			buildActionMask = 2147483647;
			files = (
				D6E02A8E29E6D9B000568379 /* XylophoneTests.swift in Sources */,
			);
			runOnlyForDeploymentPostprocessing = 0;
		};
		D6E02A8F29E6D9B000568379 /* Sources */ = {
			isa = PBXSourcesBuildPhase;
			buildActionMask = 2147483647;
			files = (
				D6E02A9829E6D9B000568379 /* XylophoneUITests.swift in Sources */,
				D6E02A9A29E6D9B000568379 /* XylophoneUITestsLaunchTests.swift in Sources */,
			);
			runOnlyForDeploymentPostprocessing = 0;
		};
/* End PBXSourcesBuildPhase section */

/* Begin PBXTargetDependency section */
		D6E02A8B29E6D9B000568379 /* PBXTargetDependency */ = {
			isa = PBXTargetDependency;
			target = D6E02A7229E6D9AF00568379 /* Xylophone */;
			targetProxy = D6E02A8A29E6D9B000568379 /* PBXContainerItemProxy */;
		};
		D6E02A9529E6D9B000568379 /* PBXTargetDependency */ = {
			isa = PBXTargetDependency;
			target = D6E02A7229E6D9AF00568379 /* Xylophone */;
			targetProxy = D6E02A9429E6D9B000568379 /* PBXContainerItemProxy */;
		};
/* End PBXTargetDependency section */

/* Begin PBXVariantGroup section */
		D6E02A7C29E6D9AF00568379 /* Main.storyboard */ = {
			isa = PBXVariantGroup;
			children = (
				D6E02A7D29E6D9AF00568379 /* Base */,
			);
			name = Main.storyboard;
			sourceTree = "<group>";
		};
		D6E02A8129E6D9B000568379 /* LaunchScreen.storyboard */ = {
			isa = PBXVariantGroup;
			children = (
				D6E02A8229E6D9B000568379 /* Base */,
			);
			name = LaunchScreen.storyboard;
			sourceTree = "<group>";
		};
/* End PBXVariantGroup section */

/* Begin XCBuildConfiguration section */
		D6E02A9B29E6D9B000568379 /* Debug */ = {
			isa = XCBuildConfiguration;
			buildSettings = {
				ALWAYS_SEARCH_USER_PATHS = NO;
				CLANG_ANALYZER_NONNULL = YES;
				CLANG_ANALYZER_NUMBER_OBJECT_CONVERSION = YES_AGGRESSIVE;
				CLANG_CXX_LANGUAGE_STANDARD = "gnu++20";
				CLANG_ENABLE_MODULES = YES;
				CLANG_ENABLE_OBJC_ARC = YES;
				CLANG_ENABLE_OBJC_WEAK = YES;
				CLANG_WARN_BLOCK_CAPTURE_AUTORELEASING = YES;
				CLANG_WARN_BOOL_CONVERSION = YES;
				CLANG_WARN_COMMA = YES;
				CLANG_WARN_CONSTANT_CONVERSION = YES;
				CLANG_WARN_DEPRECATED_OBJC_IMPLEMENTATIONS = YES;
				CLANG_WARN_DIRECT_OBJC_ISA_USAGE = YES_ERROR;
				CLANG_WARN_DOCUMENTATION_COMMENTS = YES;
				CLANG_WARN_EMPTY_BODY = YES;
				CLANG_WARN_ENUM_CONVERSION = YES;
				CLANG_WARN_INFINITE_RECURSION = YES;
				CLANG_WARN_INT_CONVERSION = YES;
				CLANG_WARN_NON_LITERAL_NULL_CONVERSION = YES;
				CLANG_WARN_OBJC_IMPLICIT_RETAIN_SELF = YES;
				CLANG_WARN_OBJC_LITERAL_CONVERSION = YES;
				CLANG_WARN_OBJC_ROOT_CLASS = YES_ERROR;
				CLANG_WARN_QUOTED_INCLUDE_IN_FRAMEWORK_HEADER = YES;
				CLANG_WARN_RANGE_LOOP_ANALYSIS = YES;
				CLANG_WARN_STRICT_PROTOTYPES = YES;
				CLANG_WARN_SUSPICIOUS_MOVE = YES;
				CLANG_WARN_UNGUARDED_AVAILABILITY = YES_AGGRESSIVE;
				CLANG_WARN_UNREACHABLE_CODE = YES;
				CLANG_WARN__DUPLICATE_METHOD_MATCH = YES;
				COPY_PHASE_STRIP = NO;
				DEBUG_INFORMATION_FORMAT = dwarf;
				ENABLE_STRICT_OBJC_MSGSEND = YES;
				ENABLE_TESTABILITY = YES;
				GCC_C_LANGUAGE_STANDARD = gnu11;
				GCC_DYNAMIC_NO_PIC = NO;
				GCC_NO_COMMON_BLOCKS = YES;
				GCC_OPTIMIZATION_LEVEL = 0;
				GCC_PREPROCESSOR_DEFINITIONS = (
					"DEBUG=1",
					"$(inherited)",
				);
				GCC_WARN_64_TO_32_BIT_CONVERSION = YES;
				GCC_WARN_ABOUT_RETURN_TYPE = YES_ERROR;
				GCC_WARN_UNDECLARED_SELECTOR = YES;
				GCC_WARN_UNINITIALIZED_AUTOS = YES_AGGRESSIVE;
				GCC_WARN_UNUSED_FUNCTION = YES;
				GCC_WARN_UNUSED_VARIABLE = YES;
				IPHONEOS_DEPLOYMENT_TARGET = 16.4;
				MTL_ENABLE_DEBUG_INFO = INCLUDE_SOURCE;
				MTL_FAST_MATH = YES;
				ONLY_ACTIVE_ARCH = YES;
				SDKROOT = iphoneos;
				SWIFT_ACTIVE_COMPILATION_CONDITIONS = DEBUG;
				SWIFT_OPTIMIZATION_LEVEL = "-Onone";
			};
			name = Debug;
		};
		D6E02A9C29E6D9B000568379 /* Release */ = {
			isa = XCBuildConfiguration;
			buildSettings = {
				ALWAYS_SEARCH_USER_PATHS = NO;
				CLANG_ANALYZER_NONNULL = YES;
				CLANG_ANALYZER_NUMBER_OBJECT_CONVERSION = YES_AGGRESSIVE;
				CLANG_CXX_LANGUAGE_STANDARD = "gnu++20";
				CLANG_ENABLE_MODULES = YES;
				CLANG_ENABLE_OBJC_ARC = YES;
				CLANG_ENABLE_OBJC_WEAK = YES;
				CLANG_WARN_BLOCK_CAPTURE_AUTORELEASING = YES;
				CLANG_WARN_BOOL_CONVERSION = YES;
				CLANG_WARN_COMMA = YES;
				CLANG_WARN_CONSTANT_CONVERSION = YES;
				CLANG_WARN_DEPRECATED_OBJC_IMPLEMENTATIONS = YES;
				CLANG_WARN_DIRECT_OBJC_ISA_USAGE = YES_ERROR;
				CLANG_WARN_DOCUMENTATION_COMMENTS = YES;
				CLANG_WARN_EMPTY_BODY = YES;
				CLANG_WARN_ENUM_CONVERSION = YES;
				CLANG_WARN_INFINITE_RECURSION = YES;
				CLANG_WARN_INT_CONVERSION = YES;
				CLANG_WARN_NON_LITERAL_NULL_CONVERSION = YES;
				CLANG_WARN_OBJC_IMPLICIT_RETAIN_SELF = YES;
				CLANG_WARN_OBJC_LITERAL_CONVERSION = YES;
				CLANG_WARN_OBJC_ROOT_CLASS = YES_ERROR;
				CLANG_WARN_QUOTED_INCLUDE_IN_FRAMEWORK_HEADER = YES;
				CLANG_WARN_RANGE_LOOP_ANALYSIS = YES;
				CLANG_WARN_STRICT_PROTOTYPES = YES;
				CLANG_WARN_SUSPICIOUS_MOVE = YES;
				CLANG_WARN_UNGUARDED_AVAILABILITY = YES_AGGRESSIVE;
				CLANG_WARN_UNREACHABLE_CODE = YES;
				CLANG_WARN__DUPLICATE_METHOD_MATCH = YES;
				COPY_PHASE_STRIP = NO;
				DEBUG_INFORMATION_FORMAT = "dwarf-with-dsym";
				ENABLE_NS_ASSERTIONS = NO;
				ENABLE_STRICT_OBJC_MSGSEND = YES;
				GCC_C_LANGUAGE_STANDARD = gnu11;
				GCC_NO_COMMON_BLOCKS = YES;
				GCC_WARN_64_TO_32_BIT_CONVERSION = YES;
				GCC_WARN_ABOUT_RETURN_TYPE = YES_ERROR;
				GCC_WARN_UNDECLARED_SELECTOR = YES;
				GCC_WARN_UNINITIALIZED_AUTOS = YES_AGGRESSIVE;
				GCC_WARN_UNUSED_FUNCTION = YES;
				GCC_WARN_UNUSED_VARIABLE = YES;
				IPHONEOS_DEPLOYMENT_TARGET = 16.4;
				MTL_ENABLE_DEBUG_INFO = NO;
				MTL_FAST_MATH = YES;
				SDKROOT = iphoneos;
				SWIFT_COMPILATION_MODE = wholemodule;
				SWIFT_OPTIMIZATION_LEVEL = "-O";
				VALIDATE_PRODUCT = YES;
			};
			name = Release;
		};
		D6E02A9E29E6D9B000568379 /* Debug */ = {
			isa = XCBuildConfiguration;
			buildSettings = {
				ASSETCATALOG_COMPILER_APPICON_NAME = AppIcon;
				ASSETCATALOG_COMPILER_GLOBAL_ACCENT_COLOR_NAME = AccentColor;
				CODE_SIGN_STYLE = Automatic;
				CURRENT_PROJECT_VERSION = 1;
				GENERATE_INFOPLIST_FILE = YES;
				INFOPLIST_FILE = Xylophone/Info.plist;
				INFOPLIST_KEY_UIApplicationSupportsIndirectInputEvents = YES;
				INFOPLIST_KEY_UILaunchStoryboardName = LaunchScreen;
				INFOPLIST_KEY_UIMainStoryboardFile = Main;
				INFOPLIST_KEY_UISupportedInterfaceOrientations_iPad = "UIInterfaceOrientationPortrait UIInterfaceOrientationPortraitUpsideDown UIInterfaceOrientationLandscapeLeft UIInterfaceOrientationLandscapeRight";
				INFOPLIST_KEY_UISupportedInterfaceOrientations_iPhone = "UIInterfaceOrientationPortrait UIInterfaceOrientationLandscapeLeft UIInterfaceOrientationLandscapeRight";
				LD_RUNPATH_SEARCH_PATHS = (
					"$(inherited)",
					"@executable_path/Frameworks",
				);
				MARKETING_VERSION = 1.0;
				PRODUCT_BUNDLE_IDENTIFIER = com.malusevich.Xylophone;
				PRODUCT_NAME = "$(TARGET_NAME)";
				SWIFT_EMIT_LOC_STRINGS = YES;
				SWIFT_VERSION = 5.0;
				TARGETED_DEVICE_FAMILY = "1,2";
			};
			name = Debug;
		};
		D6E02A9F29E6D9B000568379 /* Release */ = {
			isa = XCBuildConfiguration;
			buildSettings = {
				ASSETCATALOG_COMPILER_APPICON_NAME = AppIcon;
				ASSETCATALOG_COMPILER_GLOBAL_ACCENT_COLOR_NAME = AccentColor;
				CODE_SIGN_STYLE = Automatic;
				CURRENT_PROJECT_VERSION = 1;
				GENERATE_INFOPLIST_FILE = YES;
				INFOPLIST_FILE = Xylophone/Info.plist;
				INFOPLIST_KEY_UIApplicationSupportsIndirectInputEvents = YES;
				INFOPLIST_KEY_UILaunchStoryboardName = LaunchScreen;
				INFOPLIST_KEY_UIMainStoryboardFile = Main;
				INFOPLIST_KEY_UISupportedInterfaceOrientations_iPad = "UIInterfaceOrientationPortrait UIInterfaceOrientationPortraitUpsideDown UIInterfaceOrientationLandscapeLeft UIInterfaceOrientationLandscapeRight";
				INFOPLIST_KEY_UISupportedInterfaceOrientations_iPhone = "UIInterfaceOrientationPortrait UIInterfaceOrientationLandscapeLeft UIInterfaceOrientationLandscapeRight";
				LD_RUNPATH_SEARCH_PATHS = (
					"$(inherited)",
					"@executable_path/Frameworks",
				);
				MARKETING_VERSION = 1.0;
				PRODUCT_BUNDLE_IDENTIFIER = com.malusevich.Xylophone;
				PRODUCT_NAME = "$(TARGET_NAME)";
				SWIFT_EMIT_LOC_STRINGS = YES;
				SWIFT_VERSION = 5.0;
				TARGETED_DEVICE_FAMILY = "1,2";
			};
			name = Release;
		};
		D6E02AA129E6D9B000568379 /* Debug */ = {
			isa = XCBuildConfiguration;
			buildSettings = {
				ALWAYS_EMBED_SWIFT_STANDARD_LIBRARIES = YES;
				BUNDLE_LOADER = "$(TEST_HOST)";
				CODE_SIGN_STYLE = Automatic;
				CURRENT_PROJECT_VERSION = 1;
				GENERATE_INFOPLIST_FILE = YES;
				IPHONEOS_DEPLOYMENT_TARGET = 16.4;
				MARKETING_VERSION = 1.0;
				PRODUCT_BUNDLE_IDENTIFIER = com.malusevich.XylophoneTests;
				PRODUCT_NAME = "$(TARGET_NAME)";
				SWIFT_EMIT_LOC_STRINGS = NO;
				SWIFT_VERSION = 5.0;
				TARGETED_DEVICE_FAMILY = "1,2";
				TEST_HOST = "$(BUILT_PRODUCTS_DIR)/Xylophone.app/$(BUNDLE_EXECUTABLE_FOLDER_PATH)/Xylophone";
			};
			name = Debug;
		};
		D6E02AA229E6D9B000568379 /* Release */ = {
			isa = XCBuildConfiguration;
			buildSettings = {
				ALWAYS_EMBED_SWIFT_STANDARD_LIBRARIES = YES;
				BUNDLE_LOADER = "$(TEST_HOST)";
				CODE_SIGN_STYLE = Automatic;
				CURRENT_PROJECT_VERSION = 1;
				GENERATE_INFOPLIST_FILE = YES;
				IPHONEOS_DEPLOYMENT_TARGET = 16.4;
				MARKETING_VERSION = 1.0;
				PRODUCT_BUNDLE_IDENTIFIER = com.malusevich.XylophoneTests;
				PRODUCT_NAME = "$(TARGET_NAME)";
				SWIFT_EMIT_LOC_STRINGS = NO;
				SWIFT_VERSION = 5.0;
				TARGETED_DEVICE_FAMILY = "1,2";
				TEST_HOST = "$(BUILT_PRODUCTS_DIR)/Xylophone.app/$(BUNDLE_EXECUTABLE_FOLDER_PATH)/Xylophone";
			};
			name = Release;
		};
		D6E02AA429E6D9B000568379 /* Debug */ = {
			isa = XCBuildConfiguration;
			buildSettings = {
				ALWAYS_EMBED_SWIFT_STANDARD_LIBRARIES = YES;
				CODE_SIGN_STYLE = Automatic;
				CURRENT_PROJECT_VERSION = 1;
				GENERATE_INFOPLIST_FILE = YES;
				MARKETING_VERSION = 1.0;
				PRODUCT_BUNDLE_IDENTIFIER = com.malusevich.XylophoneUITests;
				PRODUCT_NAME = "$(TARGET_NAME)";
				SWIFT_EMIT_LOC_STRINGS = NO;
				SWIFT_VERSION = 5.0;
				TARGETED_DEVICE_FAMILY = "1,2";
				TEST_TARGET_NAME = Xylophone;
			};
			name = Debug;
		};
		D6E02AA529E6D9B000568379 /* Release */ = {
			isa = XCBuildConfiguration;
			buildSettings = {
				ALWAYS_EMBED_SWIFT_STANDARD_LIBRARIES = YES;
				CODE_SIGN_STYLE = Automatic;
				CURRENT_PROJECT_VERSION = 1;
				GENERATE_INFOPLIST_FILE = YES;
				MARKETING_VERSION = 1.0;
				PRODUCT_BUNDLE_IDENTIFIER = com.malusevich.XylophoneUITests;
				PRODUCT_NAME = "$(TARGET_NAME)";
				SWIFT_EMIT_LOC_STRINGS = NO;
				SWIFT_VERSION = 5.0;
				TARGETED_DEVICE_FAMILY = "1,2";
				TEST_TARGET_NAME = Xylophone;
			};
			name = Release;
		};
/* End XCBuildConfiguration section */

/* Begin XCConfigurationList section */
		D6E02A6E29E6D9AF00568379 /* Build configuration list for PBXProject "Xylophone" */ = {
			isa = XCConfigurationList;
			buildConfigurations = (
				D6E02A9B29E6D9B000568379 /* Debug */,
				D6E02A9C29E6D9B000568379 /* Release */,
			);
			defaultConfigurationIsVisible = 0;
			defaultConfigurationName = Release;
		};
		D6E02A9D29E6D9B000568379 /* Build configuration list for PBXNativeTarget "Xylophone" */ = {
			isa = XCConfigurationList;
			buildConfigurations = (
				D6E02A9E29E6D9B000568379 /* Debug */,
				D6E02A9F29E6D9B000568379 /* Release */,
			);
			defaultConfigurationIsVisible = 0;
			defaultConfigurationName = Release;
		};
		D6E02AA029E6D9B000568379 /* Build configuration list for PBXNativeTarget "XylophoneTests" */ = {
			isa = XCConfigurationList;
			buildConfigurations = (
				D6E02AA129E6D9B000568379 /* Debug */,
				D6E02AA229E6D9B000568379 /* Release */,
			);
			defaultConfigurationIsVisible = 0;
			defaultConfigurationName = Release;
		};
		D6E02AA329E6D9B000568379 /* Build configuration list for PBXNativeTarget "XylophoneUITests" */ = {
			isa = XCConfigurationList;
			buildConfigurations = (
				D6E02AA429E6D9B000568379 /* Debug */,
				D6E02AA529E6D9B000568379 /* Release */,
			);
			defaultConfigurationIsVisible = 0;
			defaultConfigurationName = Release;
		};
/* End XCConfigurationList section */
	};
	rootObject = D6E02A6B29E6D9AF00568379 /* Project object */;
}
